
Microsoft Visual Studio Solution File, Format Version 12.00
# Visual Studio Version 17
VisualStudioVersion = 17.13.35825.156 d17.13
MinimumVisualStudioVersion = 10.0.40219.1
Project("{FAE04EC0-301F-11D3-BF4B-00C04F79EFBC}") = "attaxLogCollector", "attaxLogCollector\attaxLogCollector.csproj", "{FD58FBC5-CB30-4EB5-85AA-65FC61EC8FCE}"
EndProject
Global
	GlobalSection(SolutionConfigurationPlatforms) = preSolution
		Debug|Any CPU = Debug|Any CPU
		Release|Any CPU = Release|Any CPU
	EndGlobalSection
	GlobalSection(ProjectConfigurationPlatforms) = postSolution
		{FD58FBC5-CB30-4EB5-85AA-65FC61EC8FCE}.Debug|Any CPU.ActiveCfg = Debug|Any CPU
		{FD58FBC5-CB30-4EB5-85AA-65FC61EC8FCE}.Debug|Any CPU.Build.0 = Debug|Any CPU
		{FD58FBC5-CB30-4EB5-85AA-65FC61EC8FCE}.Release|Any CPU.ActiveCfg = Release|Any CPU
		{FD58FBC5-CB30-4EB5-85AA-65FC61EC8FCE}.Release|Any CPU.Build.0 = Release|Any CPU
	EndGlobalSection
	GlobalSection(SolutionProperties) = preSolution
		HideSolutionNode = FALSE
	EndGlobalSection
	GlobalSection(ExtensibilityGlobals) = postSolution
		SolutionGuid = {A61B9E01-FF34-4767-8024-7ABDE8564A7A}
	EndGlobalSection
EndGlobal
